
Microsoft Visual Studio Solution File, Format Version 12.00
# Visual Studio Version 17
VisualStudioVersion = 17.4.33103.184
MinimumVisualStudioVersion = 10.0.40219.1
Project("{FAE04EC0-301F-11D3-BF4B-00C04F79EFBC}") = "SqlExporter", "ConsoleApp2\SqlExporter.csproj", "{EF50CB80-1562-4634-B5EF-C4ED0073BEAE}"
EndProject
Project("{FAE04EC0-301F-11D3-BF4B-00C04F79EFBC}") = "SqlExporterTest", "SqlExporterTest\SqlExporterTest.csproj", "{831E37B4-D2B5-47F1-B931-9951E5AD4F5C}"
EndProject
Global
	GlobalSection(SolutionConfigurationPlatforms) = preSolution
		Debug|Any CPU = Debug|Any CPU
		Release|Any CPU = Release|Any CPU
	EndGlobalSection
	GlobalSection(ProjectConfigurationPlatforms) = postSolution
		{EF50CB80-1562-4634-B5EF-C4ED0073BEAE}.Debug|Any CPU.ActiveCfg = Debug|Any CPU
		{EF50CB80-1562-4634-B5EF-C4ED0073BEAE}.Debug|Any CPU.Build.0 = Debug|Any CPU
		{EF50CB80-1562-4634-B5EF-C4ED0073BEAE}.Release|Any CPU.ActiveCfg = Release|Any CPU
		{EF50CB80-1562-4634-B5EF-C4ED0073BEAE}.Release|Any CPU.Build.0 = Release|Any CPU
		{831E37B4-D2B5-47F1-B931-9951E5AD4F5C}.Debug|Any CPU.ActiveCfg = Debug|Any CPU
		{831E37B4-D2B5-47F1-B931-9951E5AD4F5C}.Debug|Any CPU.Build.0 = Debug|Any CPU
		{831E37B4-D2B5-47F1-B931-9951E5AD4F5C}.Release|Any CPU.ActiveCfg = Release|Any CPU
		{831E37B4-D2B5-47F1-B931-9951E5AD4F5C}.Release|Any CPU.Build.0 = Release|Any CPU
	EndGlobalSection
	GlobalSection(SolutionProperties) = preSolution
		HideSolutionNode = FALSE
	EndGlobalSection
	GlobalSection(ExtensibilityGlobals) = postSolution
		SolutionGuid = {1B540350-6017-4766-86E8-53D56A0C4B14}
	EndGlobalSection
EndGlobal
